
Microsoft Visual Studio Solution File, Format Version 12.00
# Visual Studio Version 17
VisualStudioVersion = 17.7.34202.233
MinimumVisualStudioVersion = 10.0.40219.1
Project("{FAE04EC0-301F-11D3-BF4B-00C04F79EFBC}") = "Varga_Sebastian_Lab11", "Varga_Sebastian_Lab11.csproj", "{5DD879E5-FB97-448F-87EF-5962DBC0F69A}"
EndProject
Project("{FAE04EC0-301F-11D3-BF4B-00C04F79EFBC}") = "Varga_SebastianRares_Lab11", "..\Varga_SebastianRares_Lab11\Varga_SebastianRares_Lab11.csproj", "{113B7D3B-102C-475F-A2F3-71E99E798FE2}"
EndProject
Global
	GlobalSection(SolutionConfigurationPlatforms) = preSolution
		Debug|Any CPU = Debug|Any CPU
		Release|Any CPU = Release|Any CPU
	EndGlobalSection
	GlobalSection(ProjectConfigurationPlatforms) = postSolution
		{5DD879E5-FB97-448F-87EF-5962DBC0F69A}.Debug|Any CPU.ActiveCfg = Debug|Any CPU
		{5DD879E5-FB97-448F-87EF-5962DBC0F69A}.Debug|Any CPU.Build.0 = Debug|Any CPU
		{5DD879E5-FB97-448F-87EF-5962DBC0F69A}.Release|Any CPU.ActiveCfg = Release|Any CPU
		{5DD879E5-FB97-448F-87EF-5962DBC0F69A}.Release|Any CPU.Build.0 = Release|Any CPU
		{113B7D3B-102C-475F-A2F3-71E99E798FE2}.Debug|Any CPU.ActiveCfg = Debug|Any CPU
		{113B7D3B-102C-475F-A2F3-71E99E798FE2}.Debug|Any CPU.Build.0 = Debug|Any CPU
		{113B7D3B-102C-475F-A2F3-71E99E798FE2}.Debug|Any CPU.Deploy.0 = Debug|Any CPU
		{113B7D3B-102C-475F-A2F3-71E99E798FE2}.Release|Any CPU.ActiveCfg = Release|Any CPU
		{113B7D3B-102C-475F-A2F3-71E99E798FE2}.Release|Any CPU.Build.0 = Release|Any CPU
		{113B7D3B-102C-475F-A2F3-71E99E798FE2}.Release|Any CPU.Deploy.0 = Release|Any CPU
	EndGlobalSection
	GlobalSection(SolutionProperties) = preSolution
		HideSolutionNode = FALSE
	EndGlobalSection
	GlobalSection(ExtensibilityGlobals) = postSolution
		SolutionGuid = {C9AFAAAE-FF88-4D21-AB61-8D179208D754}
	EndGlobalSection
EndGlobal
